
Microsoft Visual Studio Solution File, Format Version 12.00
# Visual Studio Version 17
VisualStudioVersion = 17.10.34928.147
MinimumVisualStudioVersion = 10.0.40219.1
Project("{9A19103F-16F7-4668-BE54-9A1E7A4F7556}") = "BlogCore", "BlogCore\BlogCore.csproj", "{0B30E402-C7C0-4FC6-899D-B0E55B6F57C4}"
EndProject
Project("{9A19103F-16F7-4668-BE54-9A1E7A4F7556}") = "BlogCore.AccesoDatos", "BlogCore.AccesoDatos\BlogCore.AccesoDatos.csproj", "{9643CA6D-A4A3-459F-85A3-869AF70002A1}"
EndProject
Project("{9A19103F-16F7-4668-BE54-9A1E7A4F7556}") = "BlogCore.Models", "BlogCore.Models\BlogCore.Models.csproj", "{7FB9FC4F-61CB-4AA1-8C95-68D34E3F4258}"
EndProject
Project("{9A19103F-16F7-4668-BE54-9A1E7A4F7556}") = "BlogCore.Utilidades", "BlogCore.Utilidades\BlogCore.Utilidades.csproj", "{D8687566-6F4F-43FD-8D41-90D972C58B40}"
EndProject
Global
	GlobalSection(SolutionConfigurationPlatforms) = preSolution
		Debug|Any CPU = Debug|Any CPU
		Release|Any CPU = Release|Any CPU
	EndGlobalSection
	GlobalSection(ProjectConfigurationPlatforms) = postSolution
		{0B30E402-C7C0-4FC6-899D-B0E55B6F57C4}.Debug|Any CPU.ActiveCfg = Debug|Any CPU
		{0B30E402-C7C0-4FC6-899D-B0E55B6F57C4}.Debug|Any CPU.Build.0 = Debug|Any CPU
		{0B30E402-C7C0-4FC6-899D-B0E55B6F57C4}.Release|Any CPU.ActiveCfg = Release|Any CPU
		{0B30E402-C7C0-4FC6-899D-B0E55B6F57C4}.Release|Any CPU.Build.0 = Release|Any CPU
		{9643CA6D-A4A3-459F-85A3-869AF70002A1}.Debug|Any CPU.ActiveCfg = Debug|Any CPU
		{9643CA6D-A4A3-459F-85A3-869AF70002A1}.Debug|Any CPU.Build.0 = Debug|Any CPU
		{9643CA6D-A4A3-459F-85A3-869AF70002A1}.Release|Any CPU.ActiveCfg = Release|Any CPU
		{9643CA6D-A4A3-459F-85A3-869AF70002A1}.Release|Any CPU.Build.0 = Release|Any CPU
		{7FB9FC4F-61CB-4AA1-8C95-68D34E3F4258}.Debug|Any CPU.ActiveCfg = Debug|Any CPU
		{7FB9FC4F-61CB-4AA1-8C95-68D34E3F4258}.Debug|Any CPU.Build.0 = Debug|Any CPU
		{7FB9FC4F-61CB-4AA1-8C95-68D34E3F4258}.Release|Any CPU.ActiveCfg = Release|Any CPU
		{7FB9FC4F-61CB-4AA1-8C95-68D34E3F4258}.Release|Any CPU.Build.0 = Release|Any CPU
		{D8687566-6F4F-43FD-8D41-90D972C58B40}.Debug|Any CPU.ActiveCfg = Debug|Any CPU
		{D8687566-6F4F-43FD-8D41-90D972C58B40}.Debug|Any CPU.Build.0 = Debug|Any CPU
		{D8687566-6F4F-43FD-8D41-90D972C58B40}.Release|Any CPU.ActiveCfg = Release|Any CPU
		{D8687566-6F4F-43FD-8D41-90D972C58B40}.Release|Any CPU.Build.0 = Release|Any CPU
	EndGlobalSection
	GlobalSection(SolutionProperties) = preSolution
		HideSolutionNode = FALSE
	EndGlobalSection
	GlobalSection(ExtensibilityGlobals) = postSolution
		SolutionGuid = {A89BC472-1FA4-4834-B55A-484FC869C1CE}
	EndGlobalSection
EndGlobal
